<?xml version="1.0" encoding="UTF-8" standalone="yes" ?>
<CodeBlocks_project_file>
	<FileVersion major="1" minor="6" />
	<Project>
		<Option title="wxProjector" />
		<Option pch_mode="2" />
		<Option compiler="gcc" />
		<Build>
			<Target title="Debug">
				<Option output="bin/Debug/wxProjector" prefix_auto="1" extension_auto="1" />
				<Option object_output="obj/Debug/" />
				<Option type="0" />
				<Option compiler="gcc" />
				<Option projectLinkerOptionsRelation="2" />
				<Compiler>
					<Add option="-g" />
				</Compiler>
				<Linker>
					<Add library="/usr/lib/libsqlite3.so" />
				</Linker>
			</Target>
			<Target title="Release">
				<Option output="bin/Release/wxProjector" prefix_auto="1" extension_auto="1" />
				<Option object_output="obj/Release/" />
				<Option type="0" />
				<Option compiler="gcc" />
				<Option projectLinkerOptionsRelation="2" />
				<Compiler>
					<Add option="-O2" />
				</Compiler>
				<Linker>
					<Add option="-s" />
					<Add library="/usr/lib/libsqlite3.so" />
				</Linker>
			</Target>
		</Build>
		<Compiler>
			<Add option="`wx-config --cflags`" />
			<Add option="-Wall" />
		</Compiler>
		<Linker>
			<Add option="`wx-config --libs`" />
		</Linker>
		<Unit filename="include/common.h" />
		<Unit filename="include/globals.h" />
		<Unit filename="include/graphics.h" />
		<Unit filename="include/icons.h" />
		<Unit filename="include/mjsSharedBlob.h" />
		<Unit filename="include/mjsVariant.h" />
		<Unit filename="include/string_func.h" />
		<Unit filename="include/wxAppPaths.h" />
		<Unit filename="include/wxCachedBitmaps.h" />
		<Unit filename="include/wxCellGui.h" />
		<Unit filename="include/wxCellGuiRect.h" />
		<Unit filename="include/wxColourSet.h" />
		<Unit filename="include/wxConfiguration.h" />
		<Unit filename="include/wxDataSource.h" />
		<Unit filename="include/wxDatabaseBase.h" />
		<Unit filename="include/wxFontSet.h" />
		<Unit filename="include/wxFontsNColoursDialog.h" />
		<Unit filename="include/wxPicturesDialog.h" />
		<Unit filename="include/wxPicturesManager.h" />
		<Unit filename="include/wxServiceOutline.h" />
		<Unit filename="include/wxServiceOutlineData.h" />
		<Unit filename="include/wxSettingsDialog.h" />
		<Unit filename="include/wxShowControl.h" />
		<Unit filename="include/wxShowWindow.h" />
		<Unit filename="include/wxSongData.h" />
		<Unit filename="include/wxSongEditor.h" />
		<Unit filename="include/wxSongList.h" />
		<Unit filename="include/wxSongRenderer.h" />
		<Unit filename="include/wxSongsDialog.h" />
		<Unit filename="include/wxSongsManager.h" />
		<Unit filename="include/wxSqliteDatabase.h" />
		<Unit filename="include/wxSqlitePrepare.h" />
		<Unit filename="include/wxSqliteResult.h" />
		<Unit filename="include/wxState.h" />
		<Unit filename="src/common.cpp" />
		<Unit filename="src/globals.cpp" />
		<Unit filename="src/graphics.cpp" />
		<Unit filename="src/icons.cpp" />
		<Unit filename="src/mjsSharedBlob.cpp" />
		<Unit filename="src/mjsVariant.cpp" />
		<Unit filename="src/string_func.cpp" />
		<Unit filename="src/wxAppPaths.cpp" />
		<Unit filename="src/wxCachedBitmaps.cpp" />
		<Unit filename="src/wxCellGui.cpp" />
		<Unit filename="src/wxCellGuiRect.cpp" />
		<Unit filename="src/wxColourSet.cpp" />
		<Unit filename="src/wxConfiguration.cpp" />
		<Unit filename="src/wxDataSource.cpp" />
		<Unit filename="src/wxDatabaseBase.cpp" />
		<Unit filename="src/wxFontSet.cpp" />
		<Unit filename="src/wxFontsNColoursDialog.cpp" />
		<Unit filename="src/wxPicturesDialog.cpp" />
		<Unit filename="src/wxPicturesManager.cpp" />
		<Unit filename="src/wxServiceOutline.cpp" />
		<Unit filename="src/wxServiceOutlineData.cpp" />
		<Unit filename="src/wxSettingsDialog.cpp" />
		<Unit filename="src/wxShowControl.cpp" />
		<Unit filename="src/wxShowWindow.cpp" />
		<Unit filename="src/wxSongData.cpp" />
		<Unit filename="src/wxSongEditor.cpp" />
		<Unit filename="src/wxSongList.cpp" />
		<Unit filename="src/wxSongRenderer.cpp" />
		<Unit filename="src/wxSongsDialog.cpp" />
		<Unit filename="src/wxSongsManager.cpp" />
		<Unit filename="src/wxSqliteDatabase.cpp" />
		<Unit filename="src/wxSqlitePrepare.cpp" />
		<Unit filename="src/wxSqliteResult.cpp" />
		<Unit filename="src/wxState.cpp" />
		<Unit filename="wxProjectorApp.cpp" />
		<Unit filename="wxProjectorApp.h" />
		<Unit filename="wxProjectorMain.cpp" />
		<Unit filename="wxProjectorMain.h" />
		<Extensions>
			<code_completion />
			<debugger />
		</Extensions>
	</Project>
</CodeBlocks_project_file>
